
Microsoft Visual Studio Solution File, Format Version 12.00
# Visual Studio Version 17
VisualStudioVersion = 17.10.35027.167
MinimumVisualStudioVersion = 10.0.40219.1
Project("{FAE04EC0-301F-11D3-BF4B-00C04F79EFBC}") = "projeto API", "projeto API\projeto API.csproj", "{7D588AE1-A8E4-4360-9904-887643764676}"
EndProject
Global
	GlobalSection(SolutionConfigurationPlatforms) = preSolution
		Debug|Any CPU = Debug|Any CPU
		Release|Any CPU = Release|Any CPU
	EndGlobalSection
	GlobalSection(ProjectConfigurationPlatforms) = postSolution
		{7D588AE1-A8E4-4360-9904-887643764676}.Debug|Any CPU.ActiveCfg = Debug|Any CPU
		{7D588AE1-A8E4-4360-9904-887643764676}.Debug|Any CPU.Build.0 = Debug|Any CPU
		{7D588AE1-A8E4-4360-9904-887643764676}.Release|Any CPU.ActiveCfg = Release|Any CPU
		{7D588AE1-A8E4-4360-9904-887643764676}.Release|Any CPU.Build.0 = Release|Any CPU
	EndGlobalSection
	GlobalSection(SolutionProperties) = preSolution
		HideSolutionNode = FALSE
	EndGlobalSection
	GlobalSection(ExtensibilityGlobals) = postSolution
		SolutionGuid = {8078922E-FA16-47E1-9B98-B8FB60059FA1}
	EndGlobalSection
EndGlobal
